# This file is automatically @generated by Cargo.
# It is not intended for manual editing.
version = 3

[[package]]
name = "apple-cf"
version = "0.9.3"
source = "registry+https://github.com/rust-lang/crates.io-index"
checksum = "e7fd680cd0f3f02ee717b2014b26d18985c57b784384ba47213fcf8791e8c250"
dependencies = [
 "doom-fish-utils",
]

[[package]]
name = "apple-metal"
version = "0.8.8"
source = "registry+https://github.com/rust-lang/crates.io-index"
checksum = "4b1c24b280fad9eadf6f2bf560d826392020ac6258b4c88c6dd356ae7a24f4e3"
dependencies = [
 "doom-fish-utils",
 "libc",
]

[[package]]
name = "crossbeam-queue"
version = "0.3.13"
source = "registry+https://github.com/rust-lang/crates.io-index"
checksum = "803d13fb3b09d88be9f4dbc29062c66b19bf7170867ceb746d2a8689bf6c7a26"
dependencies = [
 "crossbeam-utils",
]

[[package]]
name = "crossbeam-utils"
version = "0.8.22"
source = "registry+https://github.com/rust-lang/crates.io-index"
checksum = "61803da095bee82a81bb1a452ecc25d3b2f1416d1897eb86430c6159ef717c17"

[[package]]
name = "doom-fish-utils"
version = "0.3.3"
source = "registry+https://github.com/rust-lang/crates.io-index"
checksum = "c801f6c2a0db1a1909d89fc395b9dccc594de9ef599659fbde9bb3b55ef67f9f"
dependencies = [
 "crossbeam-queue",
 "futures-util",
]

[[package]]
name = "futures-core"
version = "0.3.34"
source = "registry+https://github.com/rust-lang/crates.io-index"
checksum = "92d699e522242e69e3003b94ecc1f960f3a5e015aa7c5d7486e65ad01dd94f5e"

[[package]]
name = "futures-task"
version = "0.3.34"
source = "registry+https://github.com/rust-lang/crates.io-index"
checksum = "cd417de3d1d015fc3bfd2b1ea46dfc7bab72ef86f1cc7cc9c78e728b34a6d1fd"

[[package]]
name = "futures-util"
version = "0.3.34"
source = "registry+https://github.com/rust-lang/crates.io-index"
checksum = "0d50a92467f8ba5dd6e3ee5d4bd04d73ab2e4e1c44474a0674821dfce14b79bc"
dependencies = [
 "futures-core",
 "futures-task",
 "pin-project-lite",
]

[[package]]
name = "libc"
version = "0.2.189"
source = "registry+https://github.com/rust-lang/crates.io-index"
checksum = "3eaf3ede3fee6db1a4c2ee091bf8a8b4dccdc6d17f656fb07896ee72867612f2"

[[package]]
name = "macos-screen-recorder"
version = "0.1.0"
dependencies = [
 "screencapturekit",
]

[[package]]
name = "pin-project-lite"
version = "0.2.17"
source = "registry+https://github.com/rust-lang/crates.io-index"
checksum = "a89322df9ebe1c1578d689c92318e070967d1042b512afbe49518723f4e6d5cd"

[[package]]
name = "screencapturekit"
version = "8.0.1"
source = "registry+https://github.com/rust-lang/crates.io-index"
checksum = "9ddaa8d6b16a2762c9a97c9a6297f04cb8ded0487e5ef02dc98b4e2bee3a26c7"
dependencies = [
 "apple-cf",
 "apple-metal",
]
